<?xml version="1.0" encoding="utf-8"?>
<Project ToolsVersion="4.0" xmlns="http://schemas.microsoft.com/developer/msbuild/2003">
  <ItemGroup>
    <Filter Include="源文件">
      <UniqueIdentifier>{93995380-89BD-4b04-88EB-625FBE52EBFB}</UniqueIdentifier>
      <Extensions>h;hpp;hxx;hm;inl;inc;xsd</Extensions>
    </Filter>
    <Filter Include="资源文件">
      <UniqueIdentifier>{67DA6AB6-F800-4c08-8B7A-83BB121AAD01}</UniqueIdentifier>
      <Extensions>rc;ico;cur;bmp;dlg;rc2;rct;bin;rgs;gif;jpg;jpeg;jpe;resx;tiff;tif;png;wav</Extensions>
    </Filter>
  </ItemGroup>
  <ItemGroup>
    <ClCompile Include="GWSplitterWindows.cpp">
      <Filter>源文件</Filter>
    </ClCompile>
    <ClCompile Include="GWTreeCtrl.cpp">
      <Filter>源文件</Filter>
    </ClCompile>
    <ClCompile Include="IncludeDialogs.cpp">
      <Filter>源文件</Filter>
    </ClCompile>
    <ClCompile Include="NodeManager.cpp">
      <Filter>源文件</Filter>
    </ClCompile>
    <ClCompile Include="PropertyDialogs.cpp">
      <Filter>源文件</Filter>
    </ClCompile>
    <ClCompile Include="TagDialogs.cpp">
      <Filter>源文件</Filter>
    </ClCompile>
  </ItemGroup>
  <ItemGroup>
    <ClInclude Include="GWIDs.h">
      <Filter>源文件</Filter>
    </ClInclude>
    <ClInclude Include="GWSplitterWindows.h">
      <Filter>源文件</Filter>
    </ClInclude>
    <ClInclude Include="GWTreeCtrl.h">
      <Filter>源文件</Filter>
    </ClInclude>
    <ClInclude Include="IncludeDialogs.h">
      <Filter>源文件</Filter>
    </ClInclude>
    <ClInclude Include="NodeManager.h">
      <Filter>源文件</Filter>
    </ClInclude>
    <ClInclude Include="PropertyDialogs.h">
      <Filter>源文件</Filter>
    </ClInclude>
    <ClInclude Include="TagDialogs.h">
      <Filter>源文件</Filter>
    </ClInclude>
    <ClInclude Include="GWFrame.h">
      <Filter>源文件</Filter>
    </ClInclude>
  </ItemGroup>
  <ItemGroup>
    <None Include="ReadMe.txt" />
  </ItemGroup>
</Project>