<?xml version="1.0" encoding="utf-8"?>
<Project ToolsVersion="4.0" xmlns="http://schemas.microsoft.com/developer/msbuild/2003">
  <ItemGroup>
    <Filter Include="源文件">
      <UniqueIdentifier>{4FC737F1-C7A5-4376-A066-2A32D752A2FF}</UniqueIdentifier>
      <Extensions>cpp;c;cxx;def;odl;idl;hpj;bat;asm;asmx</Extensions>
    </Filter>
    <Filter Include="源文件\lua">
      <UniqueIdentifier>{4fa57b7c-8d93-413f-8d25-82cf3f71db53}</UniqueIdentifier>
    </Filter>
    <Filter Include="头文件">
      <UniqueIdentifier>{93995380-89BD-4b04-88EB-625FBE52EBFB}</UniqueIdentifier>
      <Extensions>h;hpp;hxx;hm;inl;inc;xsd</Extensions>
    </Filter>
    <Filter Include="头文件\lua">
      <UniqueIdentifier>{65eb9360-270b-41c9-9484-3c053c67bb0b}</UniqueIdentifier>
    </Filter>
    <Filter Include="资源文件">
      <UniqueIdentifier>{67DA6AB6-F800-4c08-8B7A-83BB121AAD01}</UniqueIdentifier>
      <Extensions>rc;ico;cur;bmp;dlg;rc2;rct;bin;rgs;gif;jpg;jpeg;jpe;resx</Extensions>
    </Filter>
  </ItemGroup>
  <ItemGroup>
    <ClCompile Include="RanaEvent.cpp">
      <Filter>源文件</Filter>
    </ClCompile>
    <ClCompile Include="RanaEventBank.cpp">
      <Filter>源文件</Filter>
    </ClCompile>
    <ClCompile Include="RanaHeader.cpp">
      <Filter>源文件</Filter>
    </ClCompile>
    <ClCompile Include="RanaInputArgumentException.cpp">
      <Filter>源文件</Filter>
    </ClCompile>
    <ClCompile Include="RanaMessage.cpp">
      <Filter>源文件</Filter>
    </ClCompile>
    <ClCompile Include="RanaSpace.cpp">
      <Filter>源文件</Filter>
    </ClCompile>
    <ClCompile Include="RanaSpaceBank.cpp">
      <Filter>源文件</Filter>
    </ClCompile>
    <ClCompile Include="RanaTimeEvent.cpp">
      <Filter>源文件</Filter>
    </ClCompile>
    <ClCompile Include="RanaTimeMessage.cpp">
      <Filter>源文件</Filter>
    </ClCompile>
    <ClCompile Include="RanaTimer.cpp">
      <Filter>源文件</Filter>
    </ClCompile>
    <ClCompile Include="RanaTimerBank.cpp">
      <Filter>源文件</Filter>
    </ClCompile>
    <ClCompile Include="RanaTrigger.cpp">
      <Filter>源文件</Filter>
    </ClCompile>
    <ClCompile Include="RanaTriggerBank.cpp">
      <Filter>源文件</Filter>
    </ClCompile>
    <ClCompile Include="RanaTriggerStat.cpp">
      <Filter>源文件</Filter>
    </ClCompile>
    <ClCompile Include="RanaWait.cpp">
      <Filter>源文件</Filter>
    </ClCompile>
    <ClCompile Include="lua\src\lapi.c">
      <Filter>源文件\lua</Filter>
    </ClCompile>
    <ClCompile Include="lua\src\lauxlib.c">
      <Filter>源文件\lua</Filter>
    </ClCompile>
    <ClCompile Include="lua\src\lbaselib.c">
      <Filter>源文件\lua</Filter>
    </ClCompile>
    <ClCompile Include="lua\src\lcode.c">
      <Filter>源文件\lua</Filter>
    </ClCompile>
    <ClCompile Include="lua\src\ldblib.c">
      <Filter>源文件\lua</Filter>
    </ClCompile>
    <ClCompile Include="lua\src\ldebug.c">
      <Filter>源文件\lua</Filter>
    </ClCompile>
    <ClCompile Include="lua\src\ldo.c">
      <Filter>源文件\lua</Filter>
    </ClCompile>
    <ClCompile Include="lua\src\ldump.c">
      <Filter>源文件\lua</Filter>
    </ClCompile>
    <ClCompile Include="lua\src\lfunc.c">
      <Filter>源文件\lua</Filter>
    </ClCompile>
    <ClCompile Include="lua\src\lgc.c">
      <Filter>源文件\lua</Filter>
    </ClCompile>
    <ClCompile Include="lua\src\linit.c">
      <Filter>源文件\lua</Filter>
    </ClCompile>
    <ClCompile Include="lua\src\liolib.c">
      <Filter>源文件\lua</Filter>
    </ClCompile>
    <ClCompile Include="lua\src\llex.c">
      <Filter>源文件\lua</Filter>
    </ClCompile>
    <ClCompile Include="lua\src\lmathlib.c">
      <Filter>源文件\lua</Filter>
    </ClCompile>
    <ClCompile Include="lua\src\lmem.c">
      <Filter>源文件\lua</Filter>
    </ClCompile>
    <ClCompile Include="lua\src\loadlib.c">
      <Filter>源文件\lua</Filter>
    </ClCompile>
    <ClCompile Include="lua\src\lobject.c">
      <Filter>源文件\lua</Filter>
    </ClCompile>
    <ClCompile Include="lua\src\lopcodes.c">
      <Filter>源文件\lua</Filter>
    </ClCompile>
    <ClCompile Include="lua\src\loslib.c">
      <Filter>源文件\lua</Filter>
    </ClCompile>
    <ClCompile Include="lua\src\lparser.c">
      <Filter>源文件\lua</Filter>
    </ClCompile>
    <ClCompile Include="lua\src\lstate.c">
      <Filter>源文件\lua</Filter>
    </ClCompile>
    <ClCompile Include="lua\src\lstring.c">
      <Filter>源文件\lua</Filter>
    </ClCompile>
    <ClCompile Include="lua\src\lstrlib.c">
      <Filter>源文件\lua</Filter>
    </ClCompile>
    <ClCompile Include="lua\src\ltable.c">
      <Filter>源文件\lua</Filter>
    </ClCompile>
    <ClCompile Include="lua\src\ltablib.c">
      <Filter>源文件\lua</Filter>
    </ClCompile>
    <ClCompile Include="lua\src\ltm.c">
      <Filter>源文件\lua</Filter>
    </ClCompile>
    <ClCompile Include="lua\src\lundump.c">
      <Filter>源文件\lua</Filter>
    </ClCompile>
    <ClCompile Include="lua\src\lvm.c">
      <Filter>源文件\lua</Filter>
    </ClCompile>
    <ClCompile Include="lua\src\lzio.c">
      <Filter>源文件\lua</Filter>
    </ClCompile>
    <ClCompile Include="lua\src\print.c">
      <Filter>源文件\lua</Filter>
    </ClCompile>
  </ItemGroup>
  <ItemGroup>
    <ClInclude Include="RanaWait.h">
      <Filter>源文件</Filter>
    </ClInclude>
    <ClInclude Include="config-win.h">
      <Filter>头文件</Filter>
    </ClInclude>
    <ClInclude Include="RanaContext.h">
      <Filter>头文件</Filter>
    </ClInclude>
    <ClInclude Include="RanaEvent.h">
      <Filter>头文件</Filter>
    </ClInclude>
    <ClInclude Include="RanaEventBank.h">
      <Filter>头文件</Filter>
    </ClInclude>
    <ClInclude Include="RanaHeader.h">
      <Filter>头文件</Filter>
    </ClInclude>
    <ClInclude Include="RanaInputArgumentException.h">
      <Filter>头文件</Filter>
    </ClInclude>
    <ClInclude Include="RanaInputStack.h">
      <Filter>头文件</Filter>
    </ClInclude>
    <ClInclude Include="RanaMessage.h">
      <Filter>头文件</Filter>
    </ClInclude>
    <ClInclude Include="RanaPush.h">
      <Filter>头文件</Filter>
    </ClInclude>
    <ClInclude Include="RanaSpace.h">
      <Filter>头文件</Filter>
    </ClInclude>
    <ClInclude Include="RanaSpaceBank.h">
      <Filter>头文件</Filter>
    </ClInclude>
    <ClInclude Include="RanaTimeEvent.h">
      <Filter>头文件</Filter>
    </ClInclude>
    <ClInclude Include="RanaTimeMessage.h">
      <Filter>头文件</Filter>
    </ClInclude>
    <ClInclude Include="RanaTimer.h">
      <Filter>头文件</Filter>
    </ClInclude>
    <ClInclude Include="RanaTimerBank.h">
      <Filter>头文件</Filter>
    </ClInclude>
    <ClInclude Include="RanaTrigger.h">
      <Filter>头文件</Filter>
    </ClInclude>
    <ClInclude Include="RanaTriggerBank.h">
      <Filter>头文件</Filter>
    </ClInclude>
    <ClInclude Include="RanaTriggerStat.h">
      <Filter>头文件</Filter>
    </ClInclude>
    <ClInclude Include="lua\src\lapi.h">
      <Filter>头文件\lua</Filter>
    </ClInclude>
    <ClInclude Include="lua\src\lauxlib.h">
      <Filter>头文件\lua</Filter>
    </ClInclude>
    <ClInclude Include="lua\src\lcode.h">
      <Filter>头文件\lua</Filter>
    </ClInclude>
    <ClInclude Include="lua\src\ldebug.h">
      <Filter>头文件\lua</Filter>
    </ClInclude>
    <ClInclude Include="lua\src\ldo.h">
      <Filter>头文件\lua</Filter>
    </ClInclude>
    <ClInclude Include="lua\src\lfunc.h">
      <Filter>头文件\lua</Filter>
    </ClInclude>
    <ClInclude Include="lua\src\lgc.h">
      <Filter>头文件\lua</Filter>
    </ClInclude>
    <ClInclude Include="lua\src\llex.h">
      <Filter>头文件\lua</Filter>
    </ClInclude>
    <ClInclude Include="lua\src\llimits.h">
      <Filter>头文件\lua</Filter>
    </ClInclude>
    <ClInclude Include="lua\src\lmem.h">
      <Filter>头文件\lua</Filter>
    </ClInclude>
    <ClInclude Include="lua\src\lobject.h">
      <Filter>头文件\lua</Filter>
    </ClInclude>
    <ClInclude Include="lua\src\lopcodes.h">
      <Filter>头文件\lua</Filter>
    </ClInclude>
    <ClInclude Include="lua\src\lparser.h">
      <Filter>头文件\lua</Filter>
    </ClInclude>
    <ClInclude Include="lua\src\lstate.h">
      <Filter>头文件\lua</Filter>
    </ClInclude>
    <ClInclude Include="lua\src\lstring.h">
      <Filter>头文件\lua</Filter>
    </ClInclude>
    <ClInclude Include="lua\src\ltable.h">
      <Filter>头文件\lua</Filter>
    </ClInclude>
    <ClInclude Include="lua\src\ltm.h">
      <Filter>头文件\lua</Filter>
    </ClInclude>
    <ClInclude Include="lua\src\lua.h">
      <Filter>头文件\lua</Filter>
    </ClInclude>
    <ClInclude Include="lua\src\luaconf.h">
      <Filter>头文件\lua</Filter>
    </ClInclude>
    <ClInclude Include="lua\src\lualib.h">
      <Filter>头文件\lua</Filter>
    </ClInclude>
    <ClInclude Include="lua\src\lundump.h">
      <Filter>头文件\lua</Filter>
    </ClInclude>
    <ClInclude Include="lua\src\lvm.h">
      <Filter>头文件\lua</Filter>
    </ClInclude>
    <ClInclude Include="lua\src\lzio.h">
      <Filter>头文件\lua</Filter>
    </ClInclude>
  </ItemGroup>
  <ItemGroup>
    <None Include="ReadMe.txt" />
  </ItemGroup>
</Project>